# @generated by Move, please check-in and do not edit manually.

[move]
version = 3
manifest_digest = "D535ED07A11658E31C4E3E87141BEC3245A5D0324C45E4B273A1831D6448E42B"
deps_digest = "060AD7E57DFB13104F21BE5F5C3759D03F0553FC3229247D9A7A6B45F50D03A3"
dependencies = [
  { id = "Sui", name = "Sui" },
  { id = "tokentrip_experiences", name = "tokentrip_experiences" },
  { id = "tokentrip_token", name = "tokentrip_token" },
]

[[move.package]]
id = "MoveStdlib"
source = { git = "https://github.com/MystenLabs/sui.git", rev = "testnet", subdir = "crates/sui-framework/packages/move-stdlib" }

[[move.package]]
id = "Sui"
source = { git = "https://github.com/MystenLabs/sui.git", rev = "testnet", subdir = "crates/sui-framework/packages/sui-framework" }

dependencies = [
  { id = "MoveStdlib", name = "MoveStdlib" },
]

[[move.package]]
id = "tokentrip_dao"
source = { local = "../tokentrip_dao" }

dependencies = [
  { id = "Sui", name = "Sui" },
  { id = "tokentrip_token", name = "tokentrip_token" },
]

[[move.package]]
id = "tokentrip_experiences"
source = { local = "../tokentrip_experiences" }

dependencies = [
  { id = "Sui", name = "Sui" },
  { id = "tokentrip_dao", name = "tokentrip_dao" },
  { id = "tokentrip_staking", name = "tokentrip_staking" },
  { id = "tokentrip_token", name = "tokentrip_token" },
]

[[move.package]]
id = "tokentrip_staking"
source = { local = "../tokentrip_staking" }

dependencies = [
  { id = "Sui", name = "Sui" },
  { id = "tokentrip_token", name = "tokentrip_token" },
]

[[move.package]]
id = "tokentrip_token"
source = { local = "../tokentrip_token" }

dependencies = [
  { id = "Sui", name = "Sui" },
]

[move.toolchain-version]
compiler-version = "1.52.2"
edition = "2024.alpha"
flavor = "sui"

[env]

[env.testnet]
chain-id = "4c78adac"
original-published-id = "0xab953deb05ed6d368839482e3c81615b2dc7d39af20dcef5301b39d64f3c99e0"
latest-published-id = "0xab953deb05ed6d368839482e3c81615b2dc7d39af20dcef5301b39d64f3c99e0"
published-version = "1"
