# @generated by Move, please check-in and do not edit manually.

[move]
version = 3
manifest_digest = "1A4236DC5FD7FAD4FBAE6BB1C67303089D542B89C6F12AAEEA24169B815A0C18"
deps_digest = "3C4103934B1E040BB6B23F1D610B4EF9F2F1166A50A104EADCF77467C004C600"
dependencies = [
  { id = "Sui", name = "Sui" },
  { id = "tokentrip_experiences", name = "tokentrip_experiences" },
]

[[move.package]]
id = "MoveStdlib"
source = { git = "https://github.com/MystenLabs/sui.git", rev = "testnet", subdir = "crates/sui-framework/packages/move-stdlib" }

[[move.package]]
id = "Sui"
source = { git = "https://github.com/MystenLabs/sui.git", rev = "testnet", subdir = "crates/sui-framework/packages/sui-framework" }

dependencies = [
  { id = "MoveStdlib", name = "MoveStdlib" },
]

[[move.package]]
id = "tokentrip_dao"
source = { local = "../tokentrip_dao" }

dependencies = [
  { id = "Sui", name = "Sui" },
  { id = "tokentrip_token", name = "tokentrip_token" },
]

[[move.package]]
id = "tokentrip_experiences"
source = { local = "../tokentrip_experiences" }

dependencies = [
  { id = "Sui", name = "Sui" },
  { id = "tokentrip_dao", name = "tokentrip_dao" },
  { id = "tokentrip_staking", name = "tokentrip_staking" },
  { id = "tokentrip_token", name = "tokentrip_token" },
]

[[move.package]]
id = "tokentrip_staking"
source = { local = "../tokentrip_staking" }

dependencies = [
  { id = "Sui", name = "Sui" },
  { id = "tokentrip_token", name = "tokentrip_token" },
]

[[move.package]]
id = "tokentrip_token"
source = { local = "../tokentrip_token" }

dependencies = [
  { id = "Sui", name = "Sui" },
]

[move.toolchain-version]
compiler-version = "1.53.1"
edition = "2024.alpha"
flavor = "sui"

[env]

[env.testnet]
chain-id = "4c78adac"
original-published-id = "0xb8ff98bb8fe4b48983316b43ab72dfccace3a5a58f607cb4fada1b61b71a635e"
latest-published-id = "0xb8ff98bb8fe4b48983316b43ab72dfccace3a5a58f607cb4fada1b61b71a635e"
published-version = "1"
