# @generated by Move, please check-in and do not edit manually.

[move]
version = 3
manifest_digest = "0FA406C7590B68EF1D31DCBF8563CDFA6BFD4FDD32812A85B51CA4CF75783A81"
deps_digest = "3C4103934B1E040BB6B23F1D610B4EF9F2F1166A50A104EADCF77467C004C600"
dependencies = [
  { id = "Sui", name = "Sui" },
  { id = "tokentrip_experiences", name = "tokentrip_experiences" },
]

[[move.package]]
id = "MoveStdlib"
source = { git = "https://github.com/MystenLabs/sui.git", rev = "testnet", subdir = "crates/sui-framework/packages/move-stdlib" }

[[move.package]]
id = "Sui"
source = { git = "https://github.com/MystenLabs/sui.git", rev = "testnet", subdir = "crates/sui-framework/packages/sui-framework" }

dependencies = [
  { id = "MoveStdlib", name = "MoveStdlib" },
]

[[move.package]]
id = "tokentrip_dao"
source = { local = "../tokentrip_dao" }

dependencies = [
  { id = "Sui", name = "Sui" },
  { id = "tokentrip_token", name = "tokentrip_token" },
]

[[move.package]]
id = "tokentrip_experiences"
source = { local = "../tokentrip_experiences" }

dependencies = [
  { id = "Sui", name = "Sui" },
  { id = "tokentrip_dao", name = "tokentrip_dao" },
  { id = "tokentrip_staking", name = "tokentrip_staking" },
  { id = "tokentrip_token", name = "tokentrip_token" },
]

[[move.package]]
id = "tokentrip_staking"
source = { local = "../tokentrip_staking" }

dependencies = [
  { id = "Sui", name = "Sui" },
  { id = "tokentrip_token", name = "tokentrip_token" },
]

[[move.package]]
id = "tokentrip_token"
source = { local = "../tokentrip_token" }

dependencies = [
  { id = "Sui", name = "Sui" },
]

[move.toolchain-version]
compiler-version = "1.53.1"
edition = "2024.alpha"
flavor = "sui"

[env]

[env.testnet]
chain-id = "4c78adac"
original-published-id = "0xff7ce28606fd792a48a9b0ad68fc5ee94f3779f3c79742ca1ec9791d86c0a589"
latest-published-id = "0xff7ce28606fd792a48a9b0ad68fc5ee94f3779f3c79742ca1ec9791d86c0a589"
published-version = "1"
