# @generated by Move, please check-in and do not edit manually.

[move]
version = 3
manifest_digest = "B0B8DEB35BAEA8381CE80723068FABB29F3BB98CB2B99E5F6075FFEC4A2F88AB"
deps_digest = "3C4103934B1E040BB6B23F1D610B4EF9F2F1166A50A104EADCF77467C004C600"
dependencies = [
  { id = "Sui", name = "Sui" },
  { id = "tokentrip_experiences", name = "tokentrip_experiences" },
]

[[move.package]]
id = "MoveStdlib"
source = { git = "https://github.com/MystenLabs/sui.git", rev = "testnet", subdir = "crates/sui-framework/packages/move-stdlib" }

[[move.package]]
id = "Sui"
source = { git = "https://github.com/MystenLabs/sui.git", rev = "testnet", subdir = "crates/sui-framework/packages/sui-framework" }

dependencies = [
  { id = "MoveStdlib", name = "MoveStdlib" },
]

[[move.package]]
id = "tokentrip_dao"
source = { local = "../tokentrip_dao" }

dependencies = [
  { id = "Sui", name = "Sui" },
  { id = "tokentrip_token", name = "tokentrip_token" },
]

[[move.package]]
id = "tokentrip_experiences"
source = { local = "../tokentrip_experiences" }

dependencies = [
  { id = "Sui", name = "Sui" },
  { id = "tokentrip_dao", name = "tokentrip_dao" },
  { id = "tokentrip_staking", name = "tokentrip_staking" },
  { id = "tokentrip_token", name = "tokentrip_token" },
]

[[move.package]]
id = "tokentrip_staking"
source = { local = "../tokentrip_staking" }

dependencies = [
  { id = "Sui", name = "Sui" },
  { id = "tokentrip_token", name = "tokentrip_token" },
]

[[move.package]]
id = "tokentrip_token"
source = { local = "../tokentrip_token" }

dependencies = [
  { id = "Sui", name = "Sui" },
]

[move.toolchain-version]
compiler-version = "1.53.1"
edition = "2024.alpha"
flavor = "sui"

[env]

[env.testnet]
chain-id = "4c78adac"
original-published-id = "0x30d34f7ccd5e972a957a78c4bf90b7f3ab54cbeadb8506ca3795787acf75891d"
latest-published-id = "0x30d34f7ccd5e972a957a78c4bf90b7f3ab54cbeadb8506ca3795787acf75891d"
published-version = "1"
