# @generated by Move, please check-in and do not edit manually.

[move]
version = 3
manifest_digest = "BE8A0556DAB790487B2F6914155DCCC21AA5302322A40B14FF0ABE5C3849CC2D"
deps_digest = "3C4103934B1E040BB6B23F1D610B4EF9F2F1166A50A104EADCF77467C004C600"
dependencies = [
  { id = "Sui", name = "Sui" },
  { id = "tokentrip_experiences", name = "tokentrip_experiences" },
]

[[move.package]]
id = "MoveStdlib"
source = { git = "https://github.com/MystenLabs/sui.git", rev = "testnet", subdir = "crates/sui-framework/packages/move-stdlib" }

[[move.package]]
id = "Sui"
source = { git = "https://github.com/MystenLabs/sui.git", rev = "testnet", subdir = "crates/sui-framework/packages/sui-framework" }

dependencies = [
  { id = "MoveStdlib", name = "MoveStdlib" },
]

[[move.package]]
id = "tokentrip_dao"
source = { local = "../tokentrip_dao" }

dependencies = [
  { id = "Sui", name = "Sui" },
  { id = "tokentrip_token", name = "tokentrip_token" },
]

[[move.package]]
id = "tokentrip_experiences"
source = { local = "../tokentrip_experiences" }

dependencies = [
  { id = "Sui", name = "Sui" },
  { id = "tokentrip_dao", name = "tokentrip_dao" },
  { id = "tokentrip_staking", name = "tokentrip_staking" },
  { id = "tokentrip_token", name = "tokentrip_token" },
]

[[move.package]]
id = "tokentrip_staking"
source = { local = "../tokentrip_staking" }

dependencies = [
  { id = "Sui", name = "Sui" },
  { id = "tokentrip_token", name = "tokentrip_token" },
]

[[move.package]]
id = "tokentrip_token"
source = { local = "../tokentrip_token" }

dependencies = [
  { id = "Sui", name = "Sui" },
]

[move.toolchain-version]
compiler-version = "1.53.1"
edition = "2024.alpha"
flavor = "sui"

[env]

[env.testnet]
chain-id = "4c78adac"
original-published-id = "0x44a1a9d319e18b55d1b700401fdc9d9ea0622a28e173df46658c180363c35835"
latest-published-id = "0x44a1a9d319e18b55d1b700401fdc9d9ea0622a28e173df46658c180363c35835"
published-version = "1"
