# @generated by Move, please check-in and do not edit manually.

[move]
version = 3
manifest_digest = "2B0694D8E4C264464EBD24A1623A54C42C07C9E6578DB4754A5B7703806DC652"
deps_digest = "F8BBB0CCB2491CA29A3DF03D6F92277A4F3574266507ACD77214D37ECA3F3082"
dependencies = [
  { id = "Sui", name = "Sui" },
]

[[move.package]]
id = "MoveStdlib"
source = { git = "https://github.com/MystenLabs/sui.git", rev = "testnet", subdir = "crates/sui-framework/packages/move-stdlib" }

[[move.package]]
id = "Sui"
source = { git = "https://github.com/MystenLabs/sui.git", rev = "testnet", subdir = "crates/sui-framework/packages/sui-framework" }

dependencies = [
  { id = "MoveStdlib", name = "MoveStdlib" },
]

[move.toolchain-version]
compiler-version = "1.51.3"
edition = "2024.alpha"
flavor = "sui"

[env]

[env.testnet]
chain-id = "4c78adac"
original-published-id = "0xab3283e7059a2da72ed1afb4ac41d93dbc71bd94451754fb4ac8570cd4d88535"
latest-published-id = "0xab3283e7059a2da72ed1afb4ac41d93dbc71bd94451754fb4ac8570cd4d88535"
published-version = "1"
